
Microsoft Visual Studio Solution File, Format Version 12.00
# Visual Studio Version 17
VisualStudioVersion = 17.4.33205.214
MinimumVisualStudioVersion = 10.0.40219.1
Project("{FAE04EC0-301F-11D3-BF4B-00C04F79EFBC}") = "ToDo.API", "ToDo.API\ToDo.API.csproj", "{12BBC31D-6450-400B-9A21-2B3CEEB54F8C}"
EndProject
Global
	GlobalSection(SolutionConfigurationPlatforms) = preSolution
		Debug|Any CPU = Debug|Any CPU
		Release|Any CPU = Release|Any CPU
	EndGlobalSection
	GlobalSection(ProjectConfigurationPlatforms) = postSolution
		{12BBC31D-6450-400B-9A21-2B3CEEB54F8C}.Debug|Any CPU.ActiveCfg = Debug|Any CPU
		{12BBC31D-6450-400B-9A21-2B3CEEB54F8C}.Debug|Any CPU.Build.0 = Debug|Any CPU
		{12BBC31D-6450-400B-9A21-2B3CEEB54F8C}.Release|Any CPU.ActiveCfg = Release|Any CPU
		{12BBC31D-6450-400B-9A21-2B3CEEB54F8C}.Release|Any CPU.Build.0 = Release|Any CPU
	EndGlobalSection
	GlobalSection(SolutionProperties) = preSolution
		HideSolutionNode = FALSE
	EndGlobalSection
	GlobalSection(ExtensibilityGlobals) = postSolution
		SolutionGuid = {C722A888-6AFE-41E8-94EA-6046F7D5F084}
	EndGlobalSection
EndGlobal
